version = 1
revision = 1
requires-python = ">=3.11"

[manifest]
members = [
    "provision",
    "sussexmews",
]

[[package]]
name = "attrs"
version = "25.1.0"
source = { registry = "https://pypi.org/simple" }
sdist = { url = "https://files.pythonhosted.org/packages/49/7c/fdf464bcc51d23881d110abd74b512a42b3d5d376a55a831b44c603ae17f/attrs-25.1.0.tar.gz", hash = "sha256:1c97078a80c814273a76b2a298a932eb681c87415c11dee0a6921de7f1b02c3e", size = 810562 }
wheels = [
    { url = "https://files.pythonhosted.org/packages/fc/30/d4986a882011f9df997a55e6becd864812ccfcd821d64aac8570ee39f719/attrs-25.1.0-py3-none-any.whl", hash = "sha256:c75a69e28a550a7e93789579c22aa26b0f5b83b75dc4e08fe092980051e1090a", size = 63152 },
]

[[package]]
name = "aws-cdk-asset-awscli-v1"
version = "2.2.224"
source = { registry = "https://pypi.org/simple" }
dependencies = [
    { name = "jsii" },
    { name = "publication" },
    { name = "typeguard" },
]
sdist = { url = "https://files.pythonhosted.org/packages/63/e7/897a46bf2b76ff6f4299c60052bddfd55fa967462b67fe3f5f4fff609399/aws_cdk_asset_awscli_v1-2.2.224.tar.gz", hash = "sha256:7ac8532c6638b812a87bd1be6ba713bd140582c6fe40fae7bbe03c1b1f499719", size = 17830444 }
wheels = [
    { url = "https://files.pythonhosted.org/packages/ef/43/b6352db123aedd2788bb677766942fffedbae9f207b2e5610afd6827a1b6/aws_cdk.asset_awscli_v1-2.2.224-py3-none-any.whl", hash = "sha256:715b179cf35fcc04578fc03c852512edc356a97f1b9e747779702192c7843efe", size = 17828897 },
]

[[package]]
name = "aws-cdk-asset-node-proxy-agent-v6"
version = "2.1.0"
source = { registry = "https://pypi.org/simple" }
dependencies = [
    { name = "jsii" },
    { name = "publication" },
    { name = "typeguard" },
]
sdist = { url = "https://files.pythonhosted.org/packages/d5/ab/09ac3ecc0067988d02398328e088d66cbe8555c991563c8ddfa1db5296ae/aws_cdk_asset_node_proxy_agent_v6-2.1.0.tar.gz", hash = "sha256:1f292c0631f86708ba4ee328b3a2b229f7e46ea1c79fbde567ee9eb119c2b0e2", size = 1540231 }
wheels = [
    { url = "https://files.pythonhosted.org/packages/8d/86/1817a6da223aa80aeb94a504f07f930170284694b18f6053729e9930cc6a/aws_cdk.asset_node_proxy_agent_v6-2.1.0-py3-none-any.whl", hash = "sha256:24a388b69a44d03bae6dbf864c4e25ba650d4b61c008b4568b94ffbb9a69e40e", size = 1538724 },
]

[[package]]
name = "aws-cdk-cloud-assembly-schema"
version = "39.2.20"
source = { registry = "https://pypi.org/simple" }
dependencies = [
    { name = "jsii" },
    { name = "publication" },
    { name = "typeguard" },
]
sdist = { url = "https://files.pythonhosted.org/packages/ac/a5/929cf149f9224c42cec11b835361d371faeaedfcac17453f2aeb02c5783a/aws_cdk_cloud_assembly_schema-39.2.20.tar.gz", hash = "sha256:e110b22f961d15c25a9099590375280c0b45637c8325ade9b570a0ef11e6e907", size = 188301 }
wheels = [
    { url = "https://files.pythonhosted.org/packages/54/62/8d34bd0750a2ad9e6d59548119c0230274c225b0a7d0340be1db8d831753/aws_cdk.cloud_assembly_schema-39.2.20-py3-none-any.whl", hash = "sha256:7b1ab0593fbfaac4ff0d5d0aa6a3b54185e0286f4aa68376557cac2d50c59183", size = 187292 },
]

[[package]]
name = "aws-cdk-lib"
version = "2.179.0"
source = { registry = "https://pypi.org/simple" }
dependencies = [
    { name = "aws-cdk-asset-awscli-v1" },
    { name = "aws-cdk-asset-node-proxy-agent-v6" },
    { name = "aws-cdk-cloud-assembly-schema" },
    { name = "constructs" },
    { name = "jsii" },
    { name = "publication" },
    { name = "typeguard" },
]
sdist = { url = "https://files.pythonhosted.org/packages/83/f9/949ed592eceef39fda2607c0241a68068e97634ea47b9a0c0c5724dbc7ac/aws_cdk_lib-2.179.0.tar.gz", hash = "sha256:b653a55754f4020a4b36e4ae183d213e76e27b18b842cbf9e430e9eccb700550", size = 39539885 }
wheels = [
    { url = "https://files.pythonhosted.org/packages/7f/1e/85da25c0abc63d426484d0bd3d2789200ffeabaab2d85750e13aaaa05029/aws_cdk_lib-2.179.0-py3-none-any.whl", hash = "sha256:1d7b88ee69067b8d58dac9eeb6697bbaf5d5c032a3070898389c41e7c4f3e3d7", size = 39820152 },
]

[[package]]
name = "cattrs"
version = "24.1.2"
source = { registry = "https://pypi.org/simple" }
dependencies = [
    { name = "attrs" },
]
sdist = { url = "https://files.pythonhosted.org/packages/64/65/af6d57da2cb32c076319b7489ae0958f746949d407109e3ccf4d115f147c/cattrs-24.1.2.tar.gz", hash = "sha256:8028cfe1ff5382df59dd36474a86e02d817b06eaf8af84555441bac915d2ef85", size = 426462 }
wheels = [
    { url = "https://files.pythonhosted.org/packages/c8/d5/867e75361fc45f6de75fe277dd085627a9db5ebb511a87f27dc1396b5351/cattrs-24.1.2-py3-none-any.whl", hash = "sha256:67c7495b760168d931a10233f979b28dc04daf853b30752246f4f8471c6d68d0", size = 66446 },
]

[[package]]
name = "constructs"
version = "10.4.2"
source = { registry = "https://pypi.org/simple" }
dependencies = [
    { name = "jsii" },
    { name = "publication" },
    { name = "typeguard" },
]
sdist = { url = "https://files.pythonhosted.org/packages/46/84/f608a0a71a05a476b2f1761ab8f3f776677d39f7996ecf1092a1ce741a7c/constructs-10.4.2.tar.gz", hash = "sha256:ce54724360fffe10bab27d8a081844eb81f5ace7d7c62c84b719c49f164d5307", size = 65434 }
wheels = [
    { url = "https://files.pythonhosted.org/packages/f2/d9/c5e7458f323bf063a9a54200742f2494e2ce3c7c6873e0ff80f88033c75f/constructs-10.4.2-py3-none-any.whl", hash = "sha256:1f0f59b004edebfde0f826340698b8c34611f57848139b7954904c61645f13c1", size = 63509 },
]

[[package]]
name = "importlib-resources"
version = "6.5.2"
source = { registry = "https://pypi.org/simple" }
sdist = { url = "https://files.pythonhosted.org/packages/cf/8c/f834fbf984f691b4f7ff60f50b514cc3de5cc08abfc3295564dd89c5e2e7/importlib_resources-6.5.2.tar.gz", hash = "sha256:185f87adef5bcc288449d98fb4fba07cea78bc036455dd44c5fc4a2fe78fed2c", size = 44693 }
wheels = [
    { url = "https://files.pythonhosted.org/packages/a4/ed/1f1afb2e9e7f38a545d628f864d562a5ae64fe6f7a10e28ffb9b185b4e89/importlib_resources-6.5.2-py3-none-any.whl", hash = "sha256:789cfdc3ed28c78b67a06acb8126751ced69a3d5f79c095a98298cd8a760ccec", size = 37461 },
]

[[package]]
name = "jsii"
version = "1.107.0"
source = { registry = "https://pypi.org/simple" }
dependencies = [
    { name = "attrs" },
    { name = "cattrs" },
    { name = "importlib-resources" },
    { name = "publication" },
    { name = "python-dateutil" },
    { name = "typeguard" },
    { name = "typing-extensions" },
]
sdist = { url = "https://files.pythonhosted.org/packages/48/1e/be624de377269f28b116e0627c8418273c803d44576bbf426c60d00c8291/jsii-1.107.0.tar.gz", hash = "sha256:039ea4b0687ef2eafdded2df1184fef5e926c86316bd4851e3d32fab084b780b", size = 581667 }
wheels = [
    { url = "https://files.pythonhosted.org/packages/05/45/382c47be7475177822b51f441769911efa3e14668747f2e7c0d59e88f800/jsii-1.107.0-py3-none-any.whl", hash = "sha256:bd59b5aa5d27cd7979113ae8e4623e5386bf78adf81de375e29e915f502a1603", size = 558058 },
]

[[package]]
name = "provision"
version = "0.1.0"
source = { editable = "provision" }
dependencies = [
    { name = "aws-cdk-lib" },
    { name = "constructs" },
]

[package.dev-dependencies]
dev = [
    { name = "ruff" },
]

[package.metadata]
requires-dist = [
    { name = "aws-cdk-lib", specifier = "==2.179.0" },
    { name = "constructs", specifier = ">=10.4.2" },
]

[package.metadata.requires-dev]
dev = [{ name = "ruff", specifier = ">=0.9.7" }]

[[package]]
name = "publication"
version = "0.0.3"
source = { registry = "https://pypi.org/simple" }
sdist = { url = "https://files.pythonhosted.org/packages/6b/8e/8c9fe7e32fdf9c386f83d59610cc819a25dadb874b5920f2d0ef7d35f46d/publication-0.0.3.tar.gz", hash = "sha256:68416a0de76dddcdd2930d1c8ef853a743cc96c82416c4e4d3b5d901c6276dc4", size = 5484 }
wheels = [
    { url = "https://files.pythonhosted.org/packages/f8/d3/6308debad7afcdb3ea5f50b4b3d852f41eb566a311fbcb4da23755a28155/publication-0.0.3-py2.py3-none-any.whl", hash = "sha256:0248885351febc11d8a1098d5c8e3ab2dabcf3e8c0c96db1e17ecd12b53afbe6", size = 7687 },
]

[[package]]
name = "python-dateutil"
version = "2.9.0.post0"
source = { registry = "https://pypi.org/simple" }
dependencies = [
    { name = "six" },
]
sdist = { url = "https://files.pythonhosted.org/packages/66/c0/0c8b6ad9f17a802ee498c46e004a0eb49bc148f2fd230864601a86dcf6db/python-dateutil-2.9.0.post0.tar.gz", hash = "sha256:37dd54208da7e1cd875388217d5e00ebd4179249f90fb72437e91a35459a0ad3", size = 342432 }
wheels = [
    { url = "https://files.pythonhosted.org/packages/ec/57/56b9bcc3c9c6a792fcbaf139543cee77261f3651ca9da0c93f5c1221264b/python_dateutil-2.9.0.post0-py2.py3-none-any.whl", hash = "sha256:a8b2bc7bffae282281c8140a97d3aa9c14da0b136dfe83f850eea9a5f7470427", size = 229892 },
]

[[package]]
name = "ruff"
version = "0.9.7"
source = { registry = "https://pypi.org/simple" }
sdist = { url = "https://files.pythonhosted.org/packages/39/8b/a86c300359861b186f18359adf4437ac8e4c52e42daa9eedc731ef9d5b53/ruff-0.9.7.tar.gz", hash = "sha256:643757633417907510157b206e490c3aa11cab0c087c912f60e07fbafa87a4c6", size = 3669813 }
wheels = [
    { url = "https://files.pythonhosted.org/packages/b1/f3/3a1d22973291226df4b4e2ff70196b926b6f910c488479adb0eeb42a0d7f/ruff-0.9.7-py3-none-linux_armv6l.whl", hash = "sha256:99d50def47305fe6f233eb8dabfd60047578ca87c9dcb235c9723ab1175180f4", size = 11774588 },
    { url = "https://files.pythonhosted.org/packages/8e/c9/b881f4157b9b884f2994fd08ee92ae3663fb24e34b0372ac3af999aa7fc6/ruff-0.9.7-py3-none-macosx_10_12_x86_64.whl", hash = "sha256:d59105ae9c44152c3d40a9c40d6331a7acd1cdf5ef404fbe31178a77b174ea66", size = 11746848 },
    { url = "https://files.pythonhosted.org/packages/14/89/2f546c133f73886ed50a3d449e6bf4af27d92d2f960a43a93d89353f0945/ruff-0.9.7-py3-none-macosx_11_0_arm64.whl", hash = "sha256:f313b5800483770bd540cddac7c90fc46f895f427b7820f18fe1822697f1fec9", size = 11177525 },
    { url = "https://files.pythonhosted.org/packages/d7/93/6b98f2c12bf28ab9def59c50c9c49508519c5b5cfecca6de871cf01237f6/ruff-0.9.7-py3-none-manylinux_2_17_aarch64.manylinux2014_aarch64.whl", hash = "sha256:042ae32b41343888f59c0a4148f103208bf6b21c90118d51dc93a68366f4e903", size = 11996580 },
    { url = "https://files.pythonhosted.org/packages/8e/3f/b3fcaf4f6d875e679ac2b71a72f6691a8128ea3cb7be07cbb249f477c061/ruff-0.9.7-py3-none-manylinux_2_17_armv7l.manylinux2014_armv7l.whl", hash = "sha256:87862589373b33cc484b10831004e5e5ec47dc10d2b41ba770e837d4f429d721", size = 11525674 },
    { url = "https://files.pythonhosted.org/packages/f0/48/33fbf18defb74d624535d5d22adcb09a64c9bbabfa755bc666189a6b2210/ruff-0.9.7-py3-none-manylinux_2_17_i686.manylinux2014_i686.whl", hash = "sha256:a17e1e01bee0926d351a1ee9bc15c445beae888f90069a6192a07a84af544b6b", size = 12739151 },
    { url = "https://files.pythonhosted.org/packages/63/b5/7e161080c5e19fa69495cbab7c00975ef8a90f3679caa6164921d7f52f4a/ruff-0.9.7-py3-none-manylinux_2_17_ppc64.manylinux2014_ppc64.whl", hash = "sha256:7c1f880ac5b2cbebd58b8ebde57069a374865c73f3bf41f05fe7a179c1c8ef22", size = 13416128 },
    { url = "https://files.pythonhosted.org/packages/4e/c8/b5e7d61fb1c1b26f271ac301ff6d9de5e4d9a9a63f67d732fa8f200f0c88/ruff-0.9.7-py3-none-manylinux_2_17_ppc64le.manylinux2014_ppc64le.whl", hash = "sha256:e63fc20143c291cab2841dbb8260e96bafbe1ba13fd3d60d28be2c71e312da49", size = 12870858 },
    { url = "https://files.pythonhosted.org/packages/da/cb/2a1a8e4e291a54d28259f8fc6a674cd5b8833e93852c7ef5de436d6ed729/ruff-0.9.7-py3-none-manylinux_2_17_s390x.manylinux2014_s390x.whl", hash = "sha256:91ff963baed3e9a6a4eba2a02f4ca8eaa6eba1cc0521aec0987da8d62f53cbef", size = 14786046 },
    { url = "https://files.pythonhosted.org/packages/ca/6c/c8f8a313be1943f333f376d79724260da5701426c0905762e3ddb389e3f4/ruff-0.9.7-py3-none-manylinux_2_17_x86_64.manylinux2014_x86_64.whl", hash = "sha256:88362e3227c82f63eaebf0b2eff5b88990280fb1ecf7105523883ba8c3aaf6fb", size = 12550834 },
    { url = "https://files.pythonhosted.org/packages/9d/ad/f70cf5e8e7c52a25e166bdc84c082163c9c6f82a073f654c321b4dff9660/ruff-0.9.7-py3-none-musllinux_1_2_aarch64.whl", hash = "sha256:0372c5a90349f00212270421fe91874b866fd3626eb3b397ede06cd385f6f7e0", size = 11961307 },
    { url = "https://files.pythonhosted.org/packages/52/d5/4f303ea94a5f4f454daf4d02671b1fbfe2a318b5fcd009f957466f936c50/ruff-0.9.7-py3-none-musllinux_1_2_armv7l.whl", hash = "sha256:d76b8ab60e99e6424cd9d3d923274a1324aefce04f8ea537136b8398bbae0a62", size = 11612039 },
    { url = "https://files.pythonhosted.org/packages/eb/c8/bd12a23a75603c704ce86723be0648ba3d4ecc2af07eecd2e9fa112f7e19/ruff-0.9.7-py3-none-musllinux_1_2_i686.whl", hash = "sha256:0c439bdfc8983e1336577f00e09a4e7a78944fe01e4ea7fe616d00c3ec69a3d0", size = 12168177 },
    { url = "https://files.pythonhosted.org/packages/cc/57/d648d4f73400fef047d62d464d1a14591f2e6b3d4a15e93e23a53c20705d/ruff-0.9.7-py3-none-musllinux_1_2_x86_64.whl", hash = "sha256:115d1f15e8fdd445a7b4dc9a30abae22de3f6bcabeb503964904471691ef7606", size = 12610122 },
    { url = "https://files.pythonhosted.org/packages/49/79/acbc1edd03ac0e2a04ae2593555dbc9990b34090a9729a0c4c0cf20fb595/ruff-0.9.7-py3-none-win32.whl", hash = "sha256:e9ece95b7de5923cbf38893f066ed2872be2f2f477ba94f826c8defdd6ec6b7d", size = 9988751 },
    { url = "https://files.pythonhosted.org/packages/6d/95/67153a838c6b6ba7a2401241fd8a00cd8c627a8e4a0491b8d853dedeffe0/ruff-0.9.7-py3-none-win_amd64.whl", hash = "sha256:3770fe52b9d691a15f0b87ada29c45324b2ace8f01200fb0c14845e499eb0c2c", size = 11002987 },
    { url = "https://files.pythonhosted.org/packages/63/6a/aca01554949f3a401991dc32fe22837baeaccb8a0d868256cbb26a029778/ruff-0.9.7-py3-none-win_arm64.whl", hash = "sha256:b075a700b2533feb7a01130ff656a4ec0d5f340bb540ad98759b8401c32c2037", size = 10177763 },
]

[[package]]
name = "six"
version = "1.17.0"
source = { registry = "https://pypi.org/simple" }
sdist = { url = "https://files.pythonhosted.org/packages/94/e7/b2c673351809dca68a0e064b6af791aa332cf192da575fd474ed7d6f16a2/six-1.17.0.tar.gz", hash = "sha256:ff70335d468e7eb6ec65b95b99d3a2836546063f63acc5171de367e834932a81", size = 34031 }
wheels = [
    { url = "https://files.pythonhosted.org/packages/b7/ce/149a00dd41f10bc29e5921b496af8b574d8413afcd5e30dfa0ed46c2cc5e/six-1.17.0-py2.py3-none-any.whl", hash = "sha256:4721f391ed90541fddacab5acf947aa0d3dc7d27b2e1e8eda2be8970586c3274", size = 11050 },
]

[[package]]
name = "sussexmews"
version = "0.1.0"
source = { editable = "." }
dependencies = [
    { name = "provision" },
]

[package.metadata]
requires-dist = [{ name = "provision", editable = "provision" }]

[[package]]
name = "typeguard"
version = "2.13.3"
source = { registry = "https://pypi.org/simple" }
sdist = { url = "https://files.pythonhosted.org/packages/3a/38/c61bfcf62a7b572b5e9363a802ff92559cb427ee963048e1442e3aef7490/typeguard-2.13.3.tar.gz", hash = "sha256:00edaa8da3a133674796cf5ea87d9f4b4c367d77476e185e80251cc13dfbb8c4", size = 40604 }
wheels = [
    { url = "https://files.pythonhosted.org/packages/9a/bb/d43e5c75054e53efce310e79d63df0ac3f25e34c926be5dffb7d283fb2a8/typeguard-2.13.3-py3-none-any.whl", hash = "sha256:5e3e3be01e887e7eafae5af63d1f36c849aaa94e3a0112097312aabfa16284f1", size = 17605 },
]

[[package]]
name = "typing-extensions"
version = "4.12.2"
source = { registry = "https://pypi.org/simple" }
sdist = { url = "https://files.pythonhosted.org/packages/df/db/f35a00659bc03fec321ba8bce9420de607a1d37f8342eee1863174c69557/typing_extensions-4.12.2.tar.gz", hash = "sha256:1a7ead55c7e559dd4dee8856e3a88b41225abfe1ce8df57b7c13915fe121ffb8", size = 85321 }
wheels = [
    { url = "https://files.pythonhosted.org/packages/26/9f/ad63fc0248c5379346306f8668cda6e2e2e9c95e01216d2b8ffd9ff037d0/typing_extensions-4.12.2-py3-none-any.whl", hash = "sha256:04e5ca0351e0f3f85c6853954072df659d0d13fac324d0072316b67d7794700d", size = 37438 },
]
